// !$*UTF8*$!
{
	archiveVersion = 1;
	classes = {
	};
	objectVersion = 50;
	objects = {

/* Begin PBXBuildFile section */
		2A27939922DEC1740040A5EA /* TwitterToken.swift in Sources */ = {isa = PBXBuildFile; fileRef = 2A27939822DEC1740040A5EA /* TwitterToken.swift */; };
		2A27939B22DECE6E0040A5EA /* UITableView+Utils.swift in Sources */ = {isa = PBXBuildFile; fileRef = 2A27939A22DECE6E0040A5EA /* UITableView+Utils.swift */; };
		2A27939F22DECEBA0040A5EA /* TwitterItemCell.swift in Sources */ = {isa = PBXBuildFile; fileRef = 2A27939D22DECEBA0040A5EA /* TwitterItemCell.swift */; };
		2A2793A022DECEBA0040A5EA /* TwitterItemCell.xib in Resources */ = {isa = PBXBuildFile; fileRef = 2A27939E22DECEBA0040A5EA /* TwitterItemCell.xib */; };
		2A2793A422DED25E0040A5EA /* SentimentAPI.swift in Sources */ = {isa = PBXBuildFile; fileRef = 2A2793A322DED25E0040A5EA /* SentimentAPI.swift */; };
		2A2793A822DED29B0040A5EA /* DetailVC.swift in Sources */ = {isa = PBXBuildFile; fileRef = 2A2793A622DED29B0040A5EA /* DetailVC.swift */; };
		2A2793A922DED29B0040A5EA /* DetailVC.xib in Resources */ = {isa = PBXBuildFile; fileRef = 2A2793A722DED29B0040A5EA /* DetailVC.xib */; };
		2A2793AC22DED2B40040A5EA /* DetailCoordinator.swift in Sources */ = {isa = PBXBuildFile; fileRef = 2A2793AB22DED2B40040A5EA /* DetailCoordinator.swift */; };
		2A350EDC22DBC17800FB6786 /* AppDelegate.swift in Sources */ = {isa = PBXBuildFile; fileRef = 2A350EDB22DBC17800FB6786 /* AppDelegate.swift */; };
		2A350EE322DBC17B00FB6786 /* Assets.xcassets in Resources */ = {isa = PBXBuildFile; fileRef = 2A350EE222DBC17B00FB6786 /* Assets.xcassets */; };
		2A350EE622DBC17B00FB6786 /* LaunchScreen.storyboard in Resources */ = {isa = PBXBuildFile; fileRef = 2A350EE422DBC17B00FB6786 /* LaunchScreen.storyboard */; };
		2A350EF122DBC17B00FB6786 /* Movile_TestTests.swift in Sources */ = {isa = PBXBuildFile; fileRef = 2A350EF022DBC17B00FB6786 /* Movile_TestTests.swift */; };
		2A350EFC22DBC17B00FB6786 /* Movile_TestUITests.swift in Sources */ = {isa = PBXBuildFile; fileRef = 2A350EFB22DBC17B00FB6786 /* Movile_TestUITests.swift */; };
		2A350F0E22DBC43300FB6786 /* UIView+Utils.swift in Sources */ = {isa = PBXBuildFile; fileRef = 2A350F0D22DBC43300FB6786 /* UIView+Utils.swift */; };
		2A350F1022DBC46B00FB6786 /* ThCodable.swift in Sources */ = {isa = PBXBuildFile; fileRef = 2A350F0F22DBC46B00FB6786 /* ThCodable.swift */; };
		2A350F1222DBC48B00FB6786 /* Observable.swift in Sources */ = {isa = PBXBuildFile; fileRef = 2A350F1122DBC48B00FB6786 /* Observable.swift */; };
		2A350F1522DBC50700FB6786 /* Requester.swift in Sources */ = {isa = PBXBuildFile; fileRef = 2A350F1422DBC50700FB6786 /* Requester.swift */; };
		2A350F1722DBC53B00FB6786 /* RequestStates.swift in Sources */ = {isa = PBXBuildFile; fileRef = 2A350F1622DBC53B00FB6786 /* RequestStates.swift */; };
		2A350F1922DBC55700FB6786 /* API.swift in Sources */ = {isa = PBXBuildFile; fileRef = 2A350F1822DBC55700FB6786 /* API.swift */; };
		2A350F1B22DBC57B00FB6786 /* Endpoint.swift in Sources */ = {isa = PBXBuildFile; fileRef = 2A350F1A22DBC57B00FB6786 /* Endpoint.swift */; };
		2A350F1D22DBC59C00FB6786 /* HeaderHandler.swift in Sources */ = {isa = PBXBuildFile; fileRef = 2A350F1C22DBC59C00FB6786 /* HeaderHandler.swift */; };
		2A350F2022DBC5F700FB6786 /* AppCoordinator.swift in Sources */ = {isa = PBXBuildFile; fileRef = 2A350F1F22DBC5F700FB6786 /* AppCoordinator.swift */; };
		2A350F2422DBC67400FB6786 /* HomeCoordinator.swift in Sources */ = {isa = PBXBuildFile; fileRef = 2A350F2322DBC67400FB6786 /* HomeCoordinator.swift */; };
		2A350F2822DBC6DA00FB6786 /* HomeVC.swift in Sources */ = {isa = PBXBuildFile; fileRef = 2A350F2622DBC6DA00FB6786 /* HomeVC.swift */; };
		2A350F2922DBC6DA00FB6786 /* HomeVC.xib in Resources */ = {isa = PBXBuildFile; fileRef = 2A350F2722DBC6DA00FB6786 /* HomeVC.xib */; };
		2A350F2C22DBC70A00FB6786 /* HomeVM.swift in Sources */ = {isa = PBXBuildFile; fileRef = 2A350F2B22DBC70A00FB6786 /* HomeVM.swift */; };
		2A350F2F22DBC79B00FB6786 /* HomeAPI.swift in Sources */ = {isa = PBXBuildFile; fileRef = 2A350F2E22DBC79B00FB6786 /* HomeAPI.swift */; };
		2A350F3222DBC7F200FB6786 /* Tweet.swift in Sources */ = {isa = PBXBuildFile; fileRef = 2A350F3122DBC7F200FB6786 /* Tweet.swift */; };
		2A350F3522DBCCE500FB6786 /* UIColor+Utils.swift in Sources */ = {isa = PBXBuildFile; fileRef = 2A350F3422DBCCE500FB6786 /* UIColor+Utils.swift */; };
		D1B78AD422DF46CB00C610DE /* DetailVM.swift in Sources */ = {isa = PBXBuildFile; fileRef = D1B78AD322DF46CB00C610DE /* DetailVM.swift */; };
		D1B78AD722DF4BFE00C610DE /* Sentiment.swift in Sources */ = {isa = PBXBuildFile; fileRef = D1B78AD622DF4BFE00C610DE /* Sentiment.swift */; };
/* End PBXBuildFile section */

/* Begin PBXContainerItemProxy section */
		2A350EED22DBC17B00FB6786 /* PBXContainerItemProxy */ = {
			isa = PBXContainerItemProxy;
			containerPortal = 2A350ED022DBC17700FB6786 /* Project object */;
			proxyType = 1;
			remoteGlobalIDString = 2A350ED722DBC17800FB6786;
			remoteInfo = "Movile-Test";
		};
		2A350EF822DBC17B00FB6786 /* PBXContainerItemProxy */ = {
			isa = PBXContainerItemProxy;
			containerPortal = 2A350ED022DBC17700FB6786 /* Project object */;
			proxyType = 1;
			remoteGlobalIDString = 2A350ED722DBC17800FB6786;
			remoteInfo = "Movile-Test";
		};
/* End PBXContainerItemProxy section */

/* Begin PBXFileReference section */
		2A27939822DEC1740040A5EA /* TwitterToken.swift */ = {isa = PBXFileReference; lastKnownFileType = sourcecode.swift; path = TwitterToken.swift; sourceTree = "<group>"; };
		2A27939A22DECE6E0040A5EA /* UITableView+Utils.swift */ = {isa = PBXFileReference; lastKnownFileType = sourcecode.swift; path = "UITableView+Utils.swift"; sourceTree = "<group>"; };
		2A27939D22DECEBA0040A5EA /* TwitterItemCell.swift */ = {isa = PBXFileReference; lastKnownFileType = sourcecode.swift; path = TwitterItemCell.swift; sourceTree = "<group>"; };
		2A27939E22DECEBA0040A5EA /* TwitterItemCell.xib */ = {isa = PBXFileReference; lastKnownFileType = file.xib; path = TwitterItemCell.xib; sourceTree = "<group>"; };
		2A2793A322DED25E0040A5EA /* SentimentAPI.swift */ = {isa = PBXFileReference; lastKnownFileType = sourcecode.swift; path = SentimentAPI.swift; sourceTree = "<group>"; };
		2A2793A622DED29B0040A5EA /* DetailVC.swift */ = {isa = PBXFileReference; lastKnownFileType = sourcecode.swift; path = DetailVC.swift; sourceTree = "<group>"; };
		2A2793A722DED29B0040A5EA /* DetailVC.xib */ = {isa = PBXFileReference; lastKnownFileType = file.xib; path = DetailVC.xib; sourceTree = "<group>"; };
		2A2793AB22DED2B40040A5EA /* DetailCoordinator.swift */ = {isa = PBXFileReference; lastKnownFileType = sourcecode.swift; path = DetailCoordinator.swift; sourceTree = "<group>"; };
		2A350ED822DBC17800FB6786 /* Movile-Test.app */ = {isa = PBXFileReference; explicitFileType = wrapper.application; includeInIndex = 0; path = "Movile-Test.app"; sourceTree = BUILT_PRODUCTS_DIR; };
		2A350EDB22DBC17800FB6786 /* AppDelegate.swift */ = {isa = PBXFileReference; lastKnownFileType = sourcecode.swift; path = AppDelegate.swift; sourceTree = "<group>"; };
		2A350EE222DBC17B00FB6786 /* Assets.xcassets */ = {isa = PBXFileReference; lastKnownFileType = folder.assetcatalog; path = Assets.xcassets; sourceTree = "<group>"; };
		2A350EE522DBC17B00FB6786 /* Base */ = {isa = PBXFileReference; lastKnownFileType = file.storyboard; name = Base; path = Base.lproj/LaunchScreen.storyboard; sourceTree = "<group>"; };
		2A350EE722DBC17B00FB6786 /* Info.plist */ = {isa = PBXFileReference; lastKnownFileType = text.plist.xml; path = Info.plist; sourceTree = "<group>"; };
		2A350EEC22DBC17B00FB6786 /* Movile-TestTests.xctest */ = {isa = PBXFileReference; explicitFileType = wrapper.cfbundle; includeInIndex = 0; path = "Movile-TestTests.xctest"; sourceTree = BUILT_PRODUCTS_DIR; };
		2A350EF022DBC17B00FB6786 /* Movile_TestTests.swift */ = {isa = PBXFileReference; lastKnownFileType = sourcecode.swift; path = Movile_TestTests.swift; sourceTree = "<group>"; };
		2A350EF222DBC17B00FB6786 /* Info.plist */ = {isa = PBXFileReference; lastKnownFileType = text.plist.xml; path = Info.plist; sourceTree = "<group>"; };
		2A350EF722DBC17B00FB6786 /* Movile-TestUITests.xctest */ = {isa = PBXFileReference; explicitFileType = wrapper.cfbundle; includeInIndex = 0; path = "Movile-TestUITests.xctest"; sourceTree = BUILT_PRODUCTS_DIR; };
		2A350EFB22DBC17B00FB6786 /* Movile_TestUITests.swift */ = {isa = PBXFileReference; lastKnownFileType = sourcecode.swift; path = Movile_TestUITests.swift; sourceTree = "<group>"; };
		2A350EFD22DBC17B00FB6786 /* Info.plist */ = {isa = PBXFileReference; lastKnownFileType = text.plist.xml; path = Info.plist; sourceTree = "<group>"; };
		2A350F0D22DBC43300FB6786 /* UIView+Utils.swift */ = {isa = PBXFileReference; lastKnownFileType = sourcecode.swift; path = "UIView+Utils.swift"; sourceTree = "<group>"; };
		2A350F0F22DBC46B00FB6786 /* ThCodable.swift */ = {isa = PBXFileReference; lastKnownFileType = sourcecode.swift; path = ThCodable.swift; sourceTree = "<group>"; };
		2A350F1122DBC48B00FB6786 /* Observable.swift */ = {isa = PBXFileReference; lastKnownFileType = sourcecode.swift; path = Observable.swift; sourceTree = "<group>"; };
		2A350F1422DBC50700FB6786 /* Requester.swift */ = {isa = PBXFileReference; lastKnownFileType = sourcecode.swift; path = Requester.swift; sourceTree = "<group>"; };
		2A350F1622DBC53B00FB6786 /* RequestStates.swift */ = {isa = PBXFileReference; lastKnownFileType = sourcecode.swift; path = RequestStates.swift; sourceTree = "<group>"; };
		2A350F1822DBC55700FB6786 /* API.swift */ = {isa = PBXFileReference; lastKnownFileType = sourcecode.swift; path = API.swift; sourceTree = "<group>"; };
		2A350F1A22DBC57B00FB6786 /* Endpoint.swift */ = {isa = PBXFileReference; lastKnownFileType = sourcecode.swift; path = Endpoint.swift; sourceTree = "<group>"; };
		2A350F1C22DBC59C00FB6786 /* HeaderHandler.swift */ = {isa = PBXFileReference; lastKnownFileType = sourcecode.swift; path = HeaderHandler.swift; sourceTree = "<group>"; };
		2A350F1F22DBC5F700FB6786 /* AppCoordinator.swift */ = {isa = PBXFileReference; lastKnownFileType = sourcecode.swift; path = AppCoordinator.swift; sourceTree = "<group>"; };
		2A350F2322DBC67400FB6786 /* HomeCoordinator.swift */ = {isa = PBXFileReference; lastKnownFileType = sourcecode.swift; path = HomeCoordinator.swift; sourceTree = "<group>"; };
		2A350F2622DBC6DA00FB6786 /* HomeVC.swift */ = {isa = PBXFileReference; lastKnownFileType = sourcecode.swift; path = HomeVC.swift; sourceTree = "<group>"; };
		2A350F2722DBC6DA00FB6786 /* HomeVC.xib */ = {isa = PBXFileReference; lastKnownFileType = file.xib; path = HomeVC.xib; sourceTree = "<group>"; };
		2A350F2B22DBC70A00FB6786 /* HomeVM.swift */ = {isa = PBXFileReference; lastKnownFileType = sourcecode.swift; path = HomeVM.swift; sourceTree = "<group>"; };
		2A350F2E22DBC79B00FB6786 /* HomeAPI.swift */ = {isa = PBXFileReference; lastKnownFileType = sourcecode.swift; path = HomeAPI.swift; sourceTree = "<group>"; };
		2A350F3122DBC7F200FB6786 /* Tweet.swift */ = {isa = PBXFileReference; lastKnownFileType = sourcecode.swift; path = Tweet.swift; sourceTree = "<group>"; };
		2A350F3422DBCCE500FB6786 /* UIColor+Utils.swift */ = {isa = PBXFileReference; lastKnownFileType = sourcecode.swift; path = "UIColor+Utils.swift"; sourceTree = "<group>"; };
		D1B78AD322DF46CB00C610DE /* DetailVM.swift */ = {isa = PBXFileReference; lastKnownFileType = sourcecode.swift; path = DetailVM.swift; sourceTree = "<group>"; };
		D1B78AD622DF4BFE00C610DE /* Sentiment.swift */ = {isa = PBXFileReference; lastKnownFileType = sourcecode.swift; path = Sentiment.swift; sourceTree = "<group>"; };
/* End PBXFileReference section */

/* Begin PBXFrameworksBuildPhase section */
		2A350ED522DBC17800FB6786 /* Frameworks */ = {
			isa = PBXFrameworksBuildPhase;
			buildActionMask = 2147483647;
			files = (
			);
			runOnlyForDeploymentPostprocessing = 0;
		};
		2A350EE922DBC17B00FB6786 /* Frameworks */ = {
			isa = PBXFrameworksBuildPhase;
			buildActionMask = 2147483647;
			files = (
			);
			runOnlyForDeploymentPostprocessing = 0;
		};
		2A350EF422DBC17B00FB6786 /* Frameworks */ = {
			isa = PBXFrameworksBuildPhase;
			buildActionMask = 2147483647;
			files = (
			);
			runOnlyForDeploymentPostprocessing = 0;
		};
/* End PBXFrameworksBuildPhase section */

/* Begin PBXGroup section */
		2A27939C22DECE8D0040A5EA /* Cells */ = {
			isa = PBXGroup;
			children = (
				2A27939D22DECEBA0040A5EA /* TwitterItemCell.swift */,
				2A27939E22DECEBA0040A5EA /* TwitterItemCell.xib */,
			);
			path = Cells;
			sourceTree = "<group>";
		};
		2A2793A122DED2320040A5EA /* Sentiment */ = {
			isa = PBXGroup;
			children = (
				D1B78AD522DF4BEE00C610DE /* Model */,
				D1B78AD222DF46B500C610DE /* ViewModel */,
				2A2793AA22DED2A10040A5EA /* Coordinator */,
				2A2793A522DED2770040A5EA /* View */,
				2A2793A222DED2420040A5EA /* Networking */,
			);
			path = Sentiment;
			sourceTree = "<group>";
		};
		2A2793A222DED2420040A5EA /* Networking */ = {
			isa = PBXGroup;
			children = (
				2A2793A322DED25E0040A5EA /* SentimentAPI.swift */,
			);
			path = Networking;
			sourceTree = "<group>";
		};
		2A2793A522DED2770040A5EA /* View */ = {
			isa = PBXGroup;
			children = (
				2A2793A622DED29B0040A5EA /* DetailVC.swift */,
				2A2793A722DED29B0040A5EA /* DetailVC.xib */,
			);
			path = View;
			sourceTree = "<group>";
		};
		2A2793AA22DED2A10040A5EA /* Coordinator */ = {
			isa = PBXGroup;
			children = (
				2A2793AB22DED2B40040A5EA /* DetailCoordinator.swift */,
			);
			path = Coordinator;
			sourceTree = "<group>";
		};
		2A350ECF22DBC17700FB6786 = {
			isa = PBXGroup;
			children = (
				2A350EDA22DBC17800FB6786 /* Movile-Test */,
				2A350EEF22DBC17B00FB6786 /* Movile-TestTests */,
				2A350EFA22DBC17B00FB6786 /* Movile-TestUITests */,
				2A350ED922DBC17800FB6786 /* Products */,
			);
			sourceTree = "<group>";
		};
		2A350ED922DBC17800FB6786 /* Products */ = {
			isa = PBXGroup;
			children = (
				2A350ED822DBC17800FB6786 /* Movile-Test.app */,
				2A350EEC22DBC17B00FB6786 /* Movile-TestTests.xctest */,
				2A350EF722DBC17B00FB6786 /* Movile-TestUITests.xctest */,
			);
			name = Products;
			sourceTree = "<group>";
		};
		2A350EDA22DBC17800FB6786 /* Movile-Test */ = {
			isa = PBXGroup;
			children = (
				2A350F0922DBC3F300FB6786 /* Sources */,
				2A350F1322DBC4F900FB6786 /* Networking */,
				2A350F1E22DBC5E800FB6786 /* Coordinator */,
				2A350F2122DBC64300FB6786 /* Home */,
				2A2793A122DED2320040A5EA /* Sentiment */,
				2A350EDB22DBC17800FB6786 /* AppDelegate.swift */,
				2A350EE222DBC17B00FB6786 /* Assets.xcassets */,
				2A350EE422DBC17B00FB6786 /* LaunchScreen.storyboard */,
				2A350EE722DBC17B00FB6786 /* Info.plist */,
			);
			path = "Movile-Test";
			sourceTree = "<group>";
		};
		2A350EEF22DBC17B00FB6786 /* Movile-TestTests */ = {
			isa = PBXGroup;
			children = (
				2A350EF022DBC17B00FB6786 /* Movile_TestTests.swift */,
				2A350EF222DBC17B00FB6786 /* Info.plist */,
			);
			path = "Movile-TestTests";
			sourceTree = "<group>";
		};
		2A350EFA22DBC17B00FB6786 /* Movile-TestUITests */ = {
			isa = PBXGroup;
			children = (
				2A350EFB22DBC17B00FB6786 /* Movile_TestUITests.swift */,
				2A350EFD22DBC17B00FB6786 /* Info.plist */,
			);
			path = "Movile-TestUITests";
			sourceTree = "<group>";
		};
		2A350F0922DBC3F300FB6786 /* Sources */ = {
			isa = PBXGroup;
			children = (
				2A350F0A22DBC40000FB6786 /* Extension */,
				2A350F0F22DBC46B00FB6786 /* ThCodable.swift */,
				2A350F1122DBC48B00FB6786 /* Observable.swift */,
			);
			path = Sources;
			sourceTree = "<group>";
		};
		2A350F0A22DBC40000FB6786 /* Extension */ = {
			isa = PBXGroup;
			children = (
				2A350F0D22DBC43300FB6786 /* UIView+Utils.swift */,
				2A350F3422DBCCE500FB6786 /* UIColor+Utils.swift */,
				2A27939A22DECE6E0040A5EA /* UITableView+Utils.swift */,
			);
			path = Extension;
			sourceTree = "<group>";
		};
		2A350F1322DBC4F900FB6786 /* Networking */ = {
			isa = PBXGroup;
			children = (
				2A350F1422DBC50700FB6786 /* Requester.swift */,
				2A350F1622DBC53B00FB6786 /* RequestStates.swift */,
				2A350F1822DBC55700FB6786 /* API.swift */,
				2A350F1A22DBC57B00FB6786 /* Endpoint.swift */,
				2A350F1C22DBC59C00FB6786 /* HeaderHandler.swift */,
			);
			path = Networking;
			sourceTree = "<group>";
		};
		2A350F1E22DBC5E800FB6786 /* Coordinator */ = {
			isa = PBXGroup;
			children = (
				2A350F1F22DBC5F700FB6786 /* AppCoordinator.swift */,
			);
			path = Coordinator;
			sourceTree = "<group>";
		};
		2A350F2122DBC64300FB6786 /* Home */ = {
			isa = PBXGroup;
			children = (
				2A350F3022DBC7E700FB6786 /* Model */,
				2A350F2D22DBC77400FB6786 /* Networking */,
				2A350F2522DBC6C700FB6786 /* View */,
				2A350F2A22DBC6F700FB6786 /* ViewModel */,
				2A350F2222DBC66800FB6786 /* Coordinator */,
			);
			path = Home;
			sourceTree = "<group>";
		};
		2A350F2222DBC66800FB6786 /* Coordinator */ = {
			isa = PBXGroup;
			children = (
				2A350F2322DBC67400FB6786 /* HomeCoordinator.swift */,
			);
			path = Coordinator;
			sourceTree = "<group>";
		};
		2A350F2522DBC6C700FB6786 /* View */ = {
			isa = PBXGroup;
			children = (
				2A27939C22DECE8D0040A5EA /* Cells */,
				2A350F2622DBC6DA00FB6786 /* HomeVC.swift */,
				2A350F2722DBC6DA00FB6786 /* HomeVC.xib */,
			);
			path = View;
			sourceTree = "<group>";
		};
		2A350F2A22DBC6F700FB6786 /* ViewModel */ = {
			isa = PBXGroup;
			children = (
				2A350F2B22DBC70A00FB6786 /* HomeVM.swift */,
			);
			path = ViewModel;
			sourceTree = "<group>";
		};
		2A350F2D22DBC77400FB6786 /* Networking */ = {
			isa = PBXGroup;
			children = (
				2A350F2E22DBC79B00FB6786 /* HomeAPI.swift */,
			);
			path = Networking;
			sourceTree = "<group>";
		};
		2A350F3022DBC7E700FB6786 /* Model */ = {
			isa = PBXGroup;
			children = (
				2A350F3122DBC7F200FB6786 /* Tweet.swift */,
				2A27939822DEC1740040A5EA /* TwitterToken.swift */,
			);
			path = Model;
			sourceTree = "<group>";
		};
		D1B78AD222DF46B500C610DE /* ViewModel */ = {
			isa = PBXGroup;
			children = (
				D1B78AD322DF46CB00C610DE /* DetailVM.swift */,
			);
			path = ViewModel;
			sourceTree = "<group>";
		};
		D1B78AD522DF4BEE00C610DE /* Model */ = {
			isa = PBXGroup;
			children = (
				D1B78AD622DF4BFE00C610DE /* Sentiment.swift */,
			);
			path = Model;
			sourceTree = "<group>";
		};
/* End PBXGroup section */

/* Begin PBXNativeTarget section */
		2A350ED722DBC17800FB6786 /* Movile-Test */ = {
			isa = PBXNativeTarget;
			buildConfigurationList = 2A350F0022DBC17B00FB6786 /* Build configuration list for PBXNativeTarget "Movile-Test" */;
			buildPhases = (
				2A350ED422DBC17800FB6786 /* Sources */,
				2A350ED522DBC17800FB6786 /* Frameworks */,
				2A350ED622DBC17800FB6786 /* Resources */,
			);
			buildRules = (
			);
			dependencies = (
			);
			name = "Movile-Test";
			productName = "Movile-Test";
			productReference = 2A350ED822DBC17800FB6786 /* Movile-Test.app */;
			productType = "com.apple.product-type.application";
		};
		2A350EEB22DBC17B00FB6786 /* Movile-TestTests */ = {
			isa = PBXNativeTarget;
			buildConfigurationList = 2A350F0322DBC17B00FB6786 /* Build configuration list for PBXNativeTarget "Movile-TestTests" */;
			buildPhases = (
				2A350EE822DBC17B00FB6786 /* Sources */,
				2A350EE922DBC17B00FB6786 /* Frameworks */,
				2A350EEA22DBC17B00FB6786 /* Resources */,
			);
			buildRules = (
			);
			dependencies = (
				2A350EEE22DBC17B00FB6786 /* PBXTargetDependency */,
			);
			name = "Movile-TestTests";
			productName = "Movile-TestTests";
			productReference = 2A350EEC22DBC17B00FB6786 /* Movile-TestTests.xctest */;
			productType = "com.apple.product-type.bundle.unit-test";
		};
		2A350EF622DBC17B00FB6786 /* Movile-TestUITests */ = {
			isa = PBXNativeTarget;
			buildConfigurationList = 2A350F0622DBC17B00FB6786 /* Build configuration list for PBXNativeTarget "Movile-TestUITests" */;
			buildPhases = (
				2A350EF322DBC17B00FB6786 /* Sources */,
				2A350EF422DBC17B00FB6786 /* Frameworks */,
				2A350EF522DBC17B00FB6786 /* Resources */,
			);
			buildRules = (
			);
			dependencies = (
				2A350EF922DBC17B00FB6786 /* PBXTargetDependency */,
			);
			name = "Movile-TestUITests";
			productName = "Movile-TestUITests";
			productReference = 2A350EF722DBC17B00FB6786 /* Movile-TestUITests.xctest */;
			productType = "com.apple.product-type.bundle.ui-testing";
		};
/* End PBXNativeTarget section */

/* Begin PBXProject section */
		2A350ED022DBC17700FB6786 /* Project object */ = {
			isa = PBXProject;
			attributes = {
				LastSwiftUpdateCheck = 1020;
				LastUpgradeCheck = 1020;
				ORGANIZATIONNAME = Thalves;
				TargetAttributes = {
					2A350ED722DBC17800FB6786 = {
						CreatedOnToolsVersion = 10.2.1;
					};
					2A350EEB22DBC17B00FB6786 = {
						CreatedOnToolsVersion = 10.2.1;
						TestTargetID = 2A350ED722DBC17800FB6786;
					};
					2A350EF622DBC17B00FB6786 = {
						CreatedOnToolsVersion = 10.2.1;
						TestTargetID = 2A350ED722DBC17800FB6786;
					};
				};
			};
			buildConfigurationList = 2A350ED322DBC17700FB6786 /* Build configuration list for PBXProject "Movile-Test" */;
			compatibilityVersion = "Xcode 9.3";
			developmentRegion = en;
			hasScannedForEncodings = 0;
			knownRegions = (
				en,
				Base,
			);
			mainGroup = 2A350ECF22DBC17700FB6786;
			productRefGroup = 2A350ED922DBC17800FB6786 /* Products */;
			projectDirPath = "";
			projectRoot = "";
			targets = (
				2A350ED722DBC17800FB6786 /* Movile-Test */,
				2A350EEB22DBC17B00FB6786 /* Movile-TestTests */,
				2A350EF622DBC17B00FB6786 /* Movile-TestUITests */,
			);
		};
/* End PBXProject section */

/* Begin PBXResourcesBuildPhase section */
		2A350ED622DBC17800FB6786 /* Resources */ = {
			isa = PBXResourcesBuildPhase;
			buildActionMask = 2147483647;
			files = (
				2A350EE622DBC17B00FB6786 /* LaunchScreen.storyboard in Resources */,
				2A350F2922DBC6DA00FB6786 /* HomeVC.xib in Resources */,
				2A2793A022DECEBA0040A5EA /* TwitterItemCell.xib in Resources */,
				2A350EE322DBC17B00FB6786 /* Assets.xcassets in Resources */,
				2A2793A922DED29B0040A5EA /* DetailVC.xib in Resources */,
			);
			runOnlyForDeploymentPostprocessing = 0;
		};
		2A350EEA22DBC17B00FB6786 /* Resources */ = {
			isa = PBXResourcesBuildPhase;
			buildActionMask = 2147483647;
			files = (
			);
			runOnlyForDeploymentPostprocessing = 0;
		};
		2A350EF522DBC17B00FB6786 /* Resources */ = {
			isa = PBXResourcesBuildPhase;
			buildActionMask = 2147483647;
			files = (
			);
			runOnlyForDeploymentPostprocessing = 0;
		};
/* End PBXResourcesBuildPhase section */

/* Begin PBXSourcesBuildPhase section */
		2A350ED422DBC17800FB6786 /* Sources */ = {
			isa = PBXSourcesBuildPhase;
			buildActionMask = 2147483647;
			files = (
				2A350F3522DBCCE500FB6786 /* UIColor+Utils.swift in Sources */,
				2A350F2022DBC5F700FB6786 /* AppCoordinator.swift in Sources */,
				2A350F0E22DBC43300FB6786 /* UIView+Utils.swift in Sources */,
				2A2793AC22DED2B40040A5EA /* DetailCoordinator.swift in Sources */,
				2A350F3222DBC7F200FB6786 /* Tweet.swift in Sources */,
				2A27939B22DECE6E0040A5EA /* UITableView+Utils.swift in Sources */,
				2A350F1722DBC53B00FB6786 /* RequestStates.swift in Sources */,
				2A350F2822DBC6DA00FB6786 /* HomeVC.swift in Sources */,
				2A350F1B22DBC57B00FB6786 /* Endpoint.swift in Sources */,
				2A350F2422DBC67400FB6786 /* HomeCoordinator.swift in Sources */,
				2A350F2F22DBC79B00FB6786 /* HomeAPI.swift in Sources */,
				D1B78AD422DF46CB00C610DE /* DetailVM.swift in Sources */,
				2A2793A422DED25E0040A5EA /* SentimentAPI.swift in Sources */,
				2A350EDC22DBC17800FB6786 /* AppDelegate.swift in Sources */,
				2A350F1522DBC50700FB6786 /* Requester.swift in Sources */,
				2A350F2C22DBC70A00FB6786 /* HomeVM.swift in Sources */,
				2A350F1222DBC48B00FB6786 /* Observable.swift in Sources */,
				D1B78AD722DF4BFE00C610DE /* Sentiment.swift in Sources */,
				2A350F1922DBC55700FB6786 /* API.swift in Sources */,
				2A350F1D22DBC59C00FB6786 /* HeaderHandler.swift in Sources */,
				2A350F1022DBC46B00FB6786 /* ThCodable.swift in Sources */,
				2A27939F22DECEBA0040A5EA /* TwitterItemCell.swift in Sources */,
				2A27939922DEC1740040A5EA /* TwitterToken.swift in Sources */,
				2A2793A822DED29B0040A5EA /* DetailVC.swift in Sources */,
			);
			runOnlyForDeploymentPostprocessing = 0;
		};
		2A350EE822DBC17B00FB6786 /* Sources */ = {
			isa = PBXSourcesBuildPhase;
			buildActionMask = 2147483647;
			files = (
				2A350EF122DBC17B00FB6786 /* Movile_TestTests.swift in Sources */,
			);
			runOnlyForDeploymentPostprocessing = 0;
		};
		2A350EF322DBC17B00FB6786 /* Sources */ = {
			isa = PBXSourcesBuildPhase;
			buildActionMask = 2147483647;
			files = (
				2A350EFC22DBC17B00FB6786 /* Movile_TestUITests.swift in Sources */,
			);
			runOnlyForDeploymentPostprocessing = 0;
		};
/* End PBXSourcesBuildPhase section */

/* Begin PBXTargetDependency section */
		2A350EEE22DBC17B00FB6786 /* PBXTargetDependency */ = {
			isa = PBXTargetDependency;
			target = 2A350ED722DBC17800FB6786 /* Movile-Test */;
			targetProxy = 2A350EED22DBC17B00FB6786 /* PBXContainerItemProxy */;
		};
		2A350EF922DBC17B00FB6786 /* PBXTargetDependency */ = {
			isa = PBXTargetDependency;
			target = 2A350ED722DBC17800FB6786 /* Movile-Test */;
			targetProxy = 2A350EF822DBC17B00FB6786 /* PBXContainerItemProxy */;
		};
/* End PBXTargetDependency section */

/* Begin PBXVariantGroup section */
		2A350EE422DBC17B00FB6786 /* LaunchScreen.storyboard */ = {
			isa = PBXVariantGroup;
			children = (
				2A350EE522DBC17B00FB6786 /* Base */,
			);
			name = LaunchScreen.storyboard;
			sourceTree = "<group>";
		};
/* End PBXVariantGroup section */

/* Begin XCBuildConfiguration section */
		2A350EFE22DBC17B00FB6786 /* Debug */ = {
			isa = XCBuildConfiguration;
			buildSettings = {
				ALWAYS_SEARCH_USER_PATHS = NO;
				CLANG_ANALYZER_NONNULL = YES;
				CLANG_ANALYZER_NUMBER_OBJECT_CONVERSION = YES_AGGRESSIVE;
				CLANG_CXX_LANGUAGE_STANDARD = "gnu++14";
				CLANG_CXX_LIBRARY = "libc++";
				CLANG_ENABLE_MODULES = YES;
				CLANG_ENABLE_OBJC_ARC = YES;
				CLANG_ENABLE_OBJC_WEAK = YES;
				CLANG_WARN_BLOCK_CAPTURE_AUTORELEASING = YES;
				CLANG_WARN_BOOL_CONVERSION = YES;
				CLANG_WARN_COMMA = YES;
				CLANG_WARN_CONSTANT_CONVERSION = YES;
				CLANG_WARN_DEPRECATED_OBJC_IMPLEMENTATIONS = YES;
				CLANG_WARN_DIRECT_OBJC_ISA_USAGE = YES_ERROR;
				CLANG_WARN_DOCUMENTATION_COMMENTS = YES;
				CLANG_WARN_EMPTY_BODY = YES;
				CLANG_WARN_ENUM_CONVERSION = YES;
				CLANG_WARN_INFINITE_RECURSION = YES;
				CLANG_WARN_INT_CONVERSION = YES;
				CLANG_WARN_NON_LITERAL_NULL_CONVERSION = YES;
				CLANG_WARN_OBJC_IMPLICIT_RETAIN_SELF = YES;
				CLANG_WARN_OBJC_LITERAL_CONVERSION = YES;
				CLANG_WARN_OBJC_ROOT_CLASS = YES_ERROR;
				CLANG_WARN_RANGE_LOOP_ANALYSIS = YES;
				CLANG_WARN_STRICT_PROTOTYPES = YES;
				CLANG_WARN_SUSPICIOUS_MOVE = YES;
				CLANG_WARN_UNGUARDED_AVAILABILITY = YES_AGGRESSIVE;
				CLANG_WARN_UNREACHABLE_CODE = YES;
				CLANG_WARN__DUPLICATE_METHOD_MATCH = YES;
				CODE_SIGN_IDENTITY = "iPhone Developer";
				COPY_PHASE_STRIP = NO;
				DEBUG_INFORMATION_FORMAT = dwarf;
				ENABLE_STRICT_OBJC_MSGSEND = YES;
				ENABLE_TESTABILITY = YES;
				GCC_C_LANGUAGE_STANDARD = gnu11;
				GCC_DYNAMIC_NO_PIC = NO;
				GCC_NO_COMMON_BLOCKS = YES;
				GCC_OPTIMIZATION_LEVEL = 0;
				GCC_PREPROCESSOR_DEFINITIONS = (
					"DEBUG=1",
					"$(inherited)",
				);
				GCC_WARN_64_TO_32_BIT_CONVERSION = YES;
				GCC_WARN_ABOUT_RETURN_TYPE = YES_ERROR;
				GCC_WARN_UNDECLARED_SELECTOR = YES;
				GCC_WARN_UNINITIALIZED_AUTOS = YES_AGGRESSIVE;
				GCC_WARN_UNUSED_FUNCTION = YES;
				GCC_WARN_UNUSED_VARIABLE = YES;
				IPHONEOS_DEPLOYMENT_TARGET = 12.2;
				MTL_ENABLE_DEBUG_INFO = INCLUDE_SOURCE;
				MTL_FAST_MATH = YES;
				ONLY_ACTIVE_ARCH = YES;
				SDKROOT = iphoneos;
				SWIFT_ACTIVE_COMPILATION_CONDITIONS = DEBUG;
				SWIFT_OPTIMIZATION_LEVEL = "-Onone";
			};
			name = Debug;
		};
		2A350EFF22DBC17B00FB6786 /* Release */ = {
			isa = XCBuildConfiguration;
			buildSettings = {
				ALWAYS_SEARCH_USER_PATHS = NO;
				CLANG_ANALYZER_NONNULL = YES;
				CLANG_ANALYZER_NUMBER_OBJECT_CONVERSION = YES_AGGRESSIVE;
				CLANG_CXX_LANGUAGE_STANDARD = "gnu++14";
				CLANG_CXX_LIBRARY = "libc++";
				CLANG_ENABLE_MODULES = YES;
				CLANG_ENABLE_OBJC_ARC = YES;
				CLANG_ENABLE_OBJC_WEAK = YES;
				CLANG_WARN_BLOCK_CAPTURE_AUTORELEASING = YES;
				CLANG_WARN_BOOL_CONVERSION = YES;
				CLANG_WARN_COMMA = YES;
				CLANG_WARN_CONSTANT_CONVERSION = YES;
				CLANG_WARN_DEPRECATED_OBJC_IMPLEMENTATIONS = YES;
				CLANG_WARN_DIRECT_OBJC_ISA_USAGE = YES_ERROR;
				CLANG_WARN_DOCUMENTATION_COMMENTS = YES;
				CLANG_WARN_EMPTY_BODY = YES;
				CLANG_WARN_ENUM_CONVERSION = YES;
				CLANG_WARN_INFINITE_RECURSION = YES;
				CLANG_WARN_INT_CONVERSION = YES;
				CLANG_WARN_NON_LITERAL_NULL_CONVERSION = YES;
				CLANG_WARN_OBJC_IMPLICIT_RETAIN_SELF = YES;
				CLANG_WARN_OBJC_LITERAL_CONVERSION = YES;
				CLANG_WARN_OBJC_ROOT_CLASS = YES_ERROR;
				CLANG_WARN_RANGE_LOOP_ANALYSIS = YES;
				CLANG_WARN_STRICT_PROTOTYPES = YES;
				CLANG_WARN_SUSPICIOUS_MOVE = YES;
				CLANG_WARN_UNGUARDED_AVAILABILITY = YES_AGGRESSIVE;
				CLANG_WARN_UNREACHABLE_CODE = YES;
				CLANG_WARN__DUPLICATE_METHOD_MATCH = YES;
				CODE_SIGN_IDENTITY = "iPhone Developer";
				COPY_PHASE_STRIP = NO;
				DEBUG_INFORMATION_FORMAT = "dwarf-with-dsym";
				ENABLE_NS_ASSERTIONS = NO;
				ENABLE_STRICT_OBJC_MSGSEND = YES;
				GCC_C_LANGUAGE_STANDARD = gnu11;
				GCC_NO_COMMON_BLOCKS = YES;
				GCC_WARN_64_TO_32_BIT_CONVERSION = YES;
				GCC_WARN_ABOUT_RETURN_TYPE = YES_ERROR;
				GCC_WARN_UNDECLARED_SELECTOR = YES;
				GCC_WARN_UNINITIALIZED_AUTOS = YES_AGGRESSIVE;
				GCC_WARN_UNUSED_FUNCTION = YES;
				GCC_WARN_UNUSED_VARIABLE = YES;
				IPHONEOS_DEPLOYMENT_TARGET = 12.2;
				MTL_ENABLE_DEBUG_INFO = NO;
				MTL_FAST_MATH = YES;
				SDKROOT = iphoneos;
				SWIFT_COMPILATION_MODE = wholemodule;
				SWIFT_OPTIMIZATION_LEVEL = "-O";
				VALIDATE_PRODUCT = YES;
			};
			name = Release;
		};
		2A350F0122DBC17B00FB6786 /* Debug */ = {
			isa = XCBuildConfiguration;
			buildSettings = {
				ASSETCATALOG_COMPILER_APPICON_NAME = AppIcon;
				CODE_SIGN_STYLE = Automatic;
				DEVELOPMENT_TEAM = JL9W4AUSCW;
				INFOPLIST_FILE = "Movile-Test/Info.plist";
				LD_RUNPATH_SEARCH_PATHS = (
					"$(inherited)",
					"@executable_path/Frameworks",
				);
				PRODUCT_BUNDLE_IDENTIFIER = "com.thalves.Movile-Test";
				PRODUCT_NAME = "$(TARGET_NAME)";
				SWIFT_VERSION = 5.0;
				TARGETED_DEVICE_FAMILY = "1,2";
			};
			name = Debug;
		};
		2A350F0222DBC17B00FB6786 /* Release */ = {
			isa = XCBuildConfiguration;
			buildSettings = {
				ASSETCATALOG_COMPILER_APPICON_NAME = AppIcon;
				CODE_SIGN_STYLE = Automatic;
				DEVELOPMENT_TEAM = JL9W4AUSCW;
				INFOPLIST_FILE = "Movile-Test/Info.plist";
				LD_RUNPATH_SEARCH_PATHS = (
					"$(inherited)",
					"@executable_path/Frameworks",
				);
				PRODUCT_BUNDLE_IDENTIFIER = "com.thalves.Movile-Test";
				PRODUCT_NAME = "$(TARGET_NAME)";
				SWIFT_VERSION = 5.0;
				TARGETED_DEVICE_FAMILY = "1,2";
			};
			name = Release;
		};
		2A350F0422DBC17B00FB6786 /* Debug */ = {
			isa = XCBuildConfiguration;
			buildSettings = {
				ALWAYS_EMBED_SWIFT_STANDARD_LIBRARIES = YES;
				BUNDLE_LOADER = "$(TEST_HOST)";
				CODE_SIGN_STYLE = Automatic;
				DEVELOPMENT_TEAM = JL9W4AUSCW;
				INFOPLIST_FILE = "Movile-TestTests/Info.plist";
				LD_RUNPATH_SEARCH_PATHS = (
					"$(inherited)",
					"@executable_path/Frameworks",
					"@loader_path/Frameworks",
				);
				PRODUCT_BUNDLE_IDENTIFIER = "com.thalves.Movile-TestTests";
				PRODUCT_NAME = "$(TARGET_NAME)";
				SWIFT_VERSION = 5.0;
				TARGETED_DEVICE_FAMILY = "1,2";
				TEST_HOST = "$(BUILT_PRODUCTS_DIR)/Movile-Test.app/Movile-Test";
			};
			name = Debug;
		};
		2A350F0522DBC17B00FB6786 /* Release */ = {
			isa = XCBuildConfiguration;
			buildSettings = {
				ALWAYS_EMBED_SWIFT_STANDARD_LIBRARIES = YES;
				BUNDLE_LOADER = "$(TEST_HOST)";
				CODE_SIGN_STYLE = Automatic;
				DEVELOPMENT_TEAM = JL9W4AUSCW;
				INFOPLIST_FILE = "Movile-TestTests/Info.plist";
				LD_RUNPATH_SEARCH_PATHS = (
					"$(inherited)",
					"@executable_path/Frameworks",
					"@loader_path/Frameworks",
				);
				PRODUCT_BUNDLE_IDENTIFIER = "com.thalves.Movile-TestTests";
				PRODUCT_NAME = "$(TARGET_NAME)";
				SWIFT_VERSION = 5.0;
				TARGETED_DEVICE_FAMILY = "1,2";
				TEST_HOST = "$(BUILT_PRODUCTS_DIR)/Movile-Test.app/Movile-Test";
			};
			name = Release;
		};
		2A350F0722DBC17B00FB6786 /* Debug */ = {
			isa = XCBuildConfiguration;
			buildSettings = {
				ALWAYS_EMBED_SWIFT_STANDARD_LIBRARIES = YES;
				CODE_SIGN_STYLE = Automatic;
				DEVELOPMENT_TEAM = JL9W4AUSCW;
				INFOPLIST_FILE = "Movile-TestUITests/Info.plist";
				LD_RUNPATH_SEARCH_PATHS = (
					"$(inherited)",
					"@executable_path/Frameworks",
					"@loader_path/Frameworks",
				);
				PRODUCT_BUNDLE_IDENTIFIER = "com.thalves.Movile-TestUITests";
				PRODUCT_NAME = "$(TARGET_NAME)";
				SWIFT_VERSION = 5.0;
				TARGETED_DEVICE_FAMILY = "1,2";
				TEST_TARGET_NAME = "Movile-Test";
			};
			name = Debug;
		};
		2A350F0822DBC17B00FB6786 /* Release */ = {
			isa = XCBuildConfiguration;
			buildSettings = {
				ALWAYS_EMBED_SWIFT_STANDARD_LIBRARIES = YES;
				CODE_SIGN_STYLE = Automatic;
				DEVELOPMENT_TEAM = JL9W4AUSCW;
				INFOPLIST_FILE = "Movile-TestUITests/Info.plist";
				LD_RUNPATH_SEARCH_PATHS = (
					"$(inherited)",
					"@executable_path/Frameworks",
					"@loader_path/Frameworks",
				);
				PRODUCT_BUNDLE_IDENTIFIER = "com.thalves.Movile-TestUITests";
				PRODUCT_NAME = "$(TARGET_NAME)";
				SWIFT_VERSION = 5.0;
				TARGETED_DEVICE_FAMILY = "1,2";
				TEST_TARGET_NAME = "Movile-Test";
			};
			name = Release;
		};
/* End XCBuildConfiguration section */

/* Begin XCConfigurationList section */
		2A350ED322DBC17700FB6786 /* Build configuration list for PBXProject "Movile-Test" */ = {
			isa = XCConfigurationList;
			buildConfigurations = (
				2A350EFE22DBC17B00FB6786 /* Debug */,
				2A350EFF22DBC17B00FB6786 /* Release */,
			);
			defaultConfigurationIsVisible = 0;
			defaultConfigurationName = Release;
		};
		2A350F0022DBC17B00FB6786 /* Build configuration list for PBXNativeTarget "Movile-Test" */ = {
			isa = XCConfigurationList;
			buildConfigurations = (
				2A350F0122DBC17B00FB6786 /* Debug */,
				2A350F0222DBC17B00FB6786 /* Release */,
			);
			defaultConfigurationIsVisible = 0;
			defaultConfigurationName = Release;
		};
		2A350F0322DBC17B00FB6786 /* Build configuration list for PBXNativeTarget "Movile-TestTests" */ = {
			isa = XCConfigurationList;
			buildConfigurations = (
				2A350F0422DBC17B00FB6786 /* Debug */,
				2A350F0522DBC17B00FB6786 /* Release */,
			);
			defaultConfigurationIsVisible = 0;
			defaultConfigurationName = Release;
		};
		2A350F0622DBC17B00FB6786 /* Build configuration list for PBXNativeTarget "Movile-TestUITests" */ = {
			isa = XCConfigurationList;
			buildConfigurations = (
				2A350F0722DBC17B00FB6786 /* Debug */,
				2A350F0822DBC17B00FB6786 /* Release */,
			);
			defaultConfigurationIsVisible = 0;
			defaultConfigurationName = Release;
		};
/* End XCConfigurationList section */
	};
	rootObject = 2A350ED022DBC17700FB6786 /* Project object */;
}
